// !$*UTF8*$!
{
	archiveVersion = 1;
	classes = {
	};
	objectVersion = 56;
	objects = {

/* Begin PBXBuildFile section */
		A1000001 /* TaskTimerApp.swift in Sources */ = {isa = PBXBuildFile; fileRef = A1000011 /* TaskTimerApp.swift */; };
		A1000002 /* ContentView.swift in Sources */ = {isa = PBXBuildFile; fileRef = A1000012 /* ContentView.swift */; };
		A1000003 /* TaskRowView.swift in Sources */ = {isa = PBXBuildFile; fileRef = A1000013 /* TaskRowView.swift */; };
		A1000004 /* AddTaskView.swift in Sources */ = {isa = PBXBuildFile; fileRef = A1000014 /* AddTaskView.swift */; };
		A1000005 /* Task.swift in Sources */ = {isa = PBXBuildFile; fileRef = A1000015 /* Task.swift */; };
		A1000006 /* TimerManager.swift in Sources */ = {isa = PBXBuildFile; fileRef = A1000016 /* TimerManager.swift */; };
		A1000007 /* Assets.xcassets in Resources */ = {isa = PBXBuildFile; fileRef = A1000017 /* Assets.xcassets */; };
		A1000033 /* AppDelegate.swift in Sources */ = {isa = PBXBuildFile; fileRef = A1000034 /* AppDelegate.swift */; };
		A1000036 /* FocusedTaskView.swift in Sources */ = {isa = PBXBuildFile; fileRef = A1000037 /* FocusedTaskView.swift */; };
		A1000038 /* EditableTaskRowView.swift in Sources */ = {isa = PBXBuildFile; fileRef = A1000039 /* EditableTaskRowView.swift */; };
		A1000040 /* CompletionView.swift in Sources */ = {isa = PBXBuildFile; fileRef = A1000041 /* CompletionView.swift */; };
/* End PBXBuildFile section */

/* Begin PBXFileReference section */
		A1000008 /* TaskTimer.app */ = {isa = PBXFileReference; explicitFileType = wrapper.application; includeInIndex = 0; path = TaskTimer.app; sourceTree = BUILT_PRODUCTS_DIR; };
		A1000011 /* TaskTimerApp.swift */ = {isa = PBXFileReference; lastKnownFileType = sourcecode.swift; path = TaskTimerApp.swift; sourceTree = "<group>"; };
		A1000012 /* ContentView.swift */ = {isa = PBXFileReference; lastKnownFileType = sourcecode.swift; path = ContentView.swift; sourceTree = "<group>"; };
		A1000013 /* TaskRowView.swift */ = {isa = PBXFileReference; lastKnownFileType = sourcecode.swift; path = TaskRowView.swift; sourceTree = "<group>"; };
		A1000014 /* AddTaskView.swift */ = {isa = PBXFileReference; lastKnownFileType = sourcecode.swift; path = AddTaskView.swift; sourceTree = "<group>"; };
		A1000015 /* Task.swift */ = {isa = PBXFileReference; lastKnownFileType = sourcecode.swift; path = Task.swift; sourceTree = "<group>"; };
		A1000016 /* TimerManager.swift */ = {isa = PBXFileReference; lastKnownFileType = sourcecode.swift; path = TimerManager.swift; sourceTree = "<group>"; };
		A1000017 /* Assets.xcassets */ = {isa = PBXFileReference; lastKnownFileType = folder.assetcatalog; path = Assets.xcassets; sourceTree = "<group>"; };
		A1000018 /* Info.plist */ = {isa = PBXFileReference; lastKnownFileType = text.plist.xml; path = Info.plist; sourceTree = "<group>"; };
		A1000034 /* AppDelegate.swift */ = {isa = PBXFileReference; lastKnownFileType = sourcecode.swift; path = AppDelegate.swift; sourceTree = "<group>"; };
		A1000035 /* TaskTimer.entitlements */ = {isa = PBXFileReference; lastKnownFileType = text.plist.entitlements; path = TaskTimer.entitlements; sourceTree = "<group>"; };
		A1000037 /* FocusedTaskView.swift */ = {isa = PBXFileReference; lastKnownFileType = sourcecode.swift; path = FocusedTaskView.swift; sourceTree = "<group>"; };
		A1000039 /* EditableTaskRowView.swift */ = {isa = PBXFileReference; lastKnownFileType = sourcecode.swift; path = EditableTaskRowView.swift; sourceTree = "<group>"; };
		A1000041 /* CompletionView.swift */ = {isa = PBXFileReference; lastKnownFileType = sourcecode.swift; path = CompletionView.swift; sourceTree = "<group>"; };
/* End PBXFileReference section */

/* Begin PBXFrameworksBuildPhase section */
		A1000009 /* Frameworks */ = {
			isa = PBXFrameworksBuildPhase;
			buildActionMask = 2147483647;
			files = (
			);
			runOnlyForDeploymentPostprocessing = 0;
		};
/* End PBXFrameworksBuildPhase section */

/* Begin PBXGroup section */
		A1000010 = {
			isa = PBXGroup;
			children = (
				A1000020 /* TaskTimer */,
				A1000019 /* Products */,
			);
			sourceTree = "<group>";
		};
		A1000019 /* Products */ = {
			isa = PBXGroup;
			children = (
				A1000008 /* TaskTimer.app */,
			);
			name = Products;
			sourceTree = "<group>";
		};
		A1000020 /* TaskTimer */ = {
			isa = PBXGroup;
			children = (
				A1000011 /* TaskTimerApp.swift */,
				A1000034 /* AppDelegate.swift */,
				A1000021 /* Views */,
				A1000022 /* Models */,
				A1000017 /* Assets.xcassets */,
				A1000018 /* Info.plist */,
				A1000035 /* TaskTimer.entitlements */,
			);
			path = TaskTimer;
			sourceTree = "<group>";
		};
		A1000021 /* Views */ = {
			isa = PBXGroup;
			children = (
				A1000012 /* ContentView.swift */,
				A1000037 /* FocusedTaskView.swift */,
				A1000041 /* CompletionView.swift */,
				A1000013 /* TaskRowView.swift */,
				A1000039 /* EditableTaskRowView.swift */,
				A1000014 /* AddTaskView.swift */,
			);
			path = Views;
			sourceTree = "<group>";
		};
		A1000022 /* Models */ = {
			isa = PBXGroup;
			children = (
				A1000015 /* Task.swift */,
				A1000016 /* TimerManager.swift */,
			);
			path = Models;
			sourceTree = "<group>";
		};
/* End PBXGroup section */

/* Begin PBXNativeTarget section */
		A1000023 /* TaskTimer */ = {
			isa = PBXNativeTarget;
			buildConfigurationList = A1000024 /* Build configuration list for PBXNativeTarget "TaskTimer" */;
			buildPhases = (
				A1000025 /* Sources */,
				A1000009 /* Frameworks */,
				A1000026 /* Resources */,
			);
			buildRules = (
			);
			dependencies = (
			);
			name = TaskTimer;
			productName = TaskTimer;
			productReference = A1000008 /* TaskTimer.app */;
			productType = "com.apple.product-type.application";
		};
/* End PBXNativeTarget section */

/* Begin PBXProject section */
		A1000027 /* Project object */ = {
			isa = PBXProject;
			attributes = {
				BuildIndependentTargetsInParallel = 1;
				LastSwiftUpdateCheck = 1500;
				LastUpgradeCheck = 1500;
				TargetAttributes = {
					A1000023 = {
						CreatedOnToolsVersion = 15.0;
					};
				};
			};
			buildConfigurationList = A1000028 /* Build configuration list for PBXProject "TaskTimer" */;
			compatibilityVersion = "Xcode 14.0";
			developmentRegion = en;
			hasScannedForEncodings = 0;
			knownRegions = (
				en,
				Base,
			);
			mainGroup = A1000010;
			productRefGroup = A1000019 /* Products */;
			projectDirPath = "";
			projectRoot = "";
			targets = (
				A1000023 /* TaskTimer */,
			);
		};
/* End PBXProject section */

/* Begin PBXResourcesBuildPhase section */
		A1000026 /* Resources */ = {
			isa = PBXResourcesBuildPhase;
			buildActionMask = 2147483647;
			files = (
				A1000007 /* Assets.xcassets in Resources */,
			);
			runOnlyForDeploymentPostprocessing = 0;
		};
/* End PBXResourcesBuildPhase section */

/* Begin PBXSourcesBuildPhase section */
		A1000025 /* Sources */ = {
			isa = PBXSourcesBuildPhase;
			buildActionMask = 2147483647;
			files = (
				A1000001 /* TaskTimerApp.swift in Sources */,
				A1000033 /* AppDelegate.swift in Sources */,
				A1000002 /* ContentView.swift in Sources */,
				A1000036 /* FocusedTaskView.swift in Sources */,
				A1000040 /* CompletionView.swift in Sources */,
				A1000003 /* TaskRowView.swift in Sources */,
				A1000038 /* EditableTaskRowView.swift in Sources */,
				A1000004 /* AddTaskView.swift in Sources */,
				A1000005 /* Task.swift in Sources */,
				A1000006 /* TimerManager.swift in Sources */,
			);
			runOnlyForDeploymentPostprocessing = 0;
		};
/* End PBXSourcesBuildPhase section */

/* Begin XCBuildConfiguration section */
		A1000029 /* Debug */ = {
			isa = XCBuildConfiguration;
			buildSettings = {
				ALWAYS_SEARCH_USER_PATHS = NO;
				ASSETCATALOG_COMPILER_GENERATE_SWIFT_ASSET_SYMBOL_EXTENSIONS = YES;
				CLANG_ANALYZER_NONNULL = YES;
				CLANG_ANALYZER_NUMBER_OBJECT_CONVERSION = YES_AGGRESSIVE;
				CLANG_CXX_LANGUAGE_STANDARD = "gnu++20";
				CLANG_ENABLE_MODULES = YES;
				CLANG_ENABLE_OBJC_ARC = YES;
				CLANG_ENABLE_OBJC_WEAK = YES;
				CLANG_WARN_BLOCK_CAPTURE_AUTORELEASING = YES;
				CLANG_WARN_BOOL_CONVERSION = YES;
				CLANG_WARN_COMMA = YES;
				CLANG_WARN_CONSTANT_CONVERSION = YES;
				CLANG_WARN_DEPRECATED_OBJC_IMPLEMENTATIONS = YES;
				CLANG_WARN_DIRECT_OBJC_ISA_USAGE = YES_ERROR;
				CLANG_WARN_DOCUMENTATION_COMMENTS = YES;
				CLANG_WARN_EMPTY_BODY = YES;
				CLANG_WARN_ENUM_CONVERSION = YES;
				CLANG_WARN_INFINITE_RECURSION = YES;
				CLANG_WARN_INT_CONVERSION = YES;
				CLANG_WARN_NON_LITERAL_NULL_CONVERSION = YES;
				CLANG_WARN_OBJC_IMPLICIT_RETAIN_SELF = YES;
				CLANG_WARN_OBJC_LITERAL_CONVERSION = YES;
				CLANG_WARN_OBJC_ROOT_CLASS = YES_ERROR;
				CLANG_WARN_QUOTED_INCLUDE_IN_FRAMEWORK_HEADER = YES;
				CLANG_WARN_RANGE_LOOP_ANALYSIS = YES;
				CLANG_WARN_STRICT_PROTOTYPES = YES;
				CLANG_WARN_SUSPICIOUS_MOVE = YES;
				CLANG_WARN_UNGUARDED_AVAILABILITY = YES_AGGRESSIVE;
				CLANG_WARN_UNREACHABLE_CODE = YES;
				CLANG_WARN__DUPLICATE_METHOD_MATCH = YES;
				COPY_PHASE_STRIP = NO;
				DEBUG_INFORMATION_FORMAT = dwarf;
				ENABLE_STRICT_OBJC_MSGSEND = YES;
				ENABLE_TESTABILITY = YES;
				ENABLE_USER_SCRIPT_SANDBOXING = YES;
				GCC_C_LANGUAGE_STANDARD = gnu17;
				GCC_DYNAMIC_NO_PIC = NO;
				GCC_NO_COMMON_BLOCKS = YES;
				GCC_OPTIMIZATION_LEVEL = 0;
				GCC_PREPROCESSOR_DEFINITIONS = (
					"DEBUG=1",
					"$(inherited)",
				);
				GCC_WARN_64_TO_32_BIT_CONVERSION = YES;
				GCC_WARN_ABOUT_RETURN_TYPE = YES_ERROR;
				GCC_WARN_UNDECLARED_SELECTOR = YES;
				GCC_WARN_UNINITIALIZED_AUTOS = YES_AGGRESSIVE;
				GCC_WARN_UNUSED_FUNCTION = YES;
				GCC_WARN_UNUSED_VARIABLE = YES;
				LOCALIZATION_PREFERS_STRING_CATALOGS = YES;
				MACOSX_DEPLOYMENT_TARGET = 13.0;
				MTL_ENABLE_DEBUG_INFO = INCLUDE_SOURCE;
				MTL_FAST_MATH = YES;
				ONLY_ACTIVE_ARCH = YES;
				SDKROOT = macosx;
				SWIFT_ACTIVE_COMPILATION_CONDITIONS = "DEBUG $(inherited)";
				SWIFT_OPTIMIZATION_LEVEL = "-Onone";
			};
			name = Debug;
		};
		A1000030 /* Release */ = {
			isa = XCBuildConfiguration;
			buildSettings = {
				ALWAYS_SEARCH_USER_PATHS = NO;
				ASSETCATALOG_COMPILER_GENERATE_SWIFT_ASSET_SYMBOL_EXTENSIONS = YES;
				CLANG_ANALYZER_NONNULL = YES;
				CLANG_ANALYZER_NUMBER_OBJECT_CONVERSION = YES_AGGRESSIVE;
				CLANG_CXX_LANGUAGE_STANDARD = "gnu++20";
				CLANG_ENABLE_MODULES = YES;
				CLANG_ENABLE_OBJC_ARC = YES;
				CLANG_ENABLE_OBJC_WEAK = YES;
				CLANG_WARN_BLOCK_CAPTURE_AUTORELEASING = YES;
				CLANG_WARN_BOOL_CONVERSION = YES;
				CLANG_WARN_COMMA = YES;
				CLANG_WARN_CONSTANT_CONVERSION = YES;
				CLANG_WARN_DEPRECATED_OBJC_IMPLEMENTATIONS = YES;
				CLANG_WARN_DIRECT_OBJC_ISA_USAGE = YES_ERROR;
				CLANG_WARN_DOCUMENTATION_COMMENTS = YES;
				CLANG_WARN_EMPTY_BODY = YES;
				CLANG_WARN_ENUM_CONVERSION = YES;
				CLANG_WARN_INFINITE_RECURSION = YES;
				CLANG_WARN_INT_CONVERSION = YES;
				CLANG_WARN_NON_LITERAL_NULL_CONVERSION = YES;
				CLANG_WARN_OBJC_IMPLICIT_RETAIN_SELF = YES;
				CLANG_WARN_OBJC_LITERAL_CONVERSION = YES;
				CLANG_WARN_OBJC_ROOT_CLASS = YES_ERROR;
				CLANG_WARN_QUOTED_INCLUDE_IN_FRAMEWORK_HEADER = YES;
				CLANG_WARN_RANGE_LOOP_ANALYSIS = YES;
				CLANG_WARN_STRICT_PROTOTYPES = YES;
				CLANG_WARN_SUSPICIOUS_MOVE = YES;
				CLANG_WARN_UNGUARDED_AVAILABILITY = YES_AGGRESSIVE;
				CLANG_WARN_UNREACHABLE_CODE = YES;
				CLANG_WARN__DUPLICATE_METHOD_MATCH = YES;
				COPY_PHASE_STRIP = NO;
				DEBUG_INFORMATION_FORMAT = "dwarf-with-dsym";
				ENABLE_NS_ASSERTIONS = NO;
				ENABLE_STRICT_OBJC_MSGSEND = YES;
				ENABLE_USER_SCRIPT_SANDBOXING = YES;
				GCC_C_LANGUAGE_STANDARD = gnu17;
				GCC_NO_COMMON_BLOCKS = YES;
				GCC_WARN_64_TO_32_BIT_CONVERSION = YES;
				GCC_WARN_ABOUT_RETURN_TYPE = YES_ERROR;
				GCC_WARN_UNDECLARED_SELECTOR = YES;
				GCC_WARN_UNINITIALIZED_AUTOS = YES_AGGRESSIVE;
				GCC_WARN_UNUSED_FUNCTION = YES;
				GCC_WARN_UNUSED_VARIABLE = YES;
				LOCALIZATION_PREFERS_STRING_CATALOGS = YES;
				MACOSX_DEPLOYMENT_TARGET = 13.0;
				MTL_ENABLE_DEBUG_INFO = NO;
				MTL_FAST_MATH = YES;
				SDKROOT = macosx;
				SWIFT_COMPILATION_MODE = wholemodule;
			};
			name = Release;
		};
		A1000031 /* Debug */ = {
			isa = XCBuildConfiguration;
			buildSettings = {
				ASSETCATALOG_COMPILER_APPICON_NAME = AppIcon;
				ASSETCATALOG_COMPILER_GLOBAL_ACCENT_COLOR_NAME = AccentColor;
				ASSETCATALOG_COMPILER_INCLUDE_ALL_APPICON_ASSETS = NO;
				CODE_SIGN_ENTITLEMENTS = TaskTimer/TaskTimer.entitlements;
				CODE_SIGN_STYLE = Automatic;
				COMBINE_HIDPI_IMAGES = YES;
				CURRENT_PROJECT_VERSION = 1;
				DEVELOPMENT_ASSET_PATHS = "";
				ENABLE_PREVIEWS = YES;
				GENERATE_INFOPLIST_FILE = YES;
				INFOPLIST_FILE = TaskTimer/Info.plist;
				INFOPLIST_KEY_CFBundleDisplayName = "Task Timer";
				INFOPLIST_KEY_LSApplicationCategoryType = "public.app-category.productivity";
				INFOPLIST_KEY_NSHumanReadableCopyright = "";
				LD_RUNPATH_SEARCH_PATHS = (
					"$(inherited)",
					"@executable_path/../Frameworks",
				);
				MARKETING_VERSION = 1.0;
				PRODUCT_BUNDLE_IDENTIFIER = com.tasktimer.app;
				PRODUCT_NAME = "$(TARGET_NAME)";
				SWIFT_EMIT_LOC_STRINGS = YES;
				SWIFT_VERSION = 5.0;
			};
			name = Debug;
		};
		A1000032 /* Release */ = {
			isa = XCBuildConfiguration;
			buildSettings = {
				ASSETCATALOG_COMPILER_APPICON_NAME = AppIcon;
				ASSETCATALOG_COMPILER_GLOBAL_ACCENT_COLOR_NAME = AccentColor;
				ASSETCATALOG_COMPILER_INCLUDE_ALL_APPICON_ASSETS = NO;
				CODE_SIGN_ENTITLEMENTS = TaskTimer/TaskTimer.entitlements;
				CODE_SIGN_STYLE = Automatic;
				COMBINE_HIDPI_IMAGES = YES;
				CURRENT_PROJECT_VERSION = 1;
				DEVELOPMENT_ASSET_PATHS = "";
				ENABLE_PREVIEWS = YES;
				GENERATE_INFOPLIST_FILE = YES;
				INFOPLIST_FILE = TaskTimer/Info.plist;
				INFOPLIST_KEY_CFBundleDisplayName = "Task Timer";
				INFOPLIST_KEY_LSApplicationCategoryType = "public.app-category.productivity";
				INFOPLIST_KEY_NSHumanReadableCopyright = "";
				LD_RUNPATH_SEARCH_PATHS = (
					"$(inherited)",
					"@executable_path/../Frameworks",
				);
				MARKETING_VERSION = 1.0;
				PRODUCT_BUNDLE_IDENTIFIER = com.tasktimer.app;
				PRODUCT_NAME = "$(TARGET_NAME)";
				SWIFT_EMIT_LOC_STRINGS = YES;
				SWIFT_VERSION = 5.0;
			};
			name = Release;
		};
/* End XCBuildConfiguration section */

/* Begin XCConfigurationList section */
		A1000024 /* Build configuration list for PBXNativeTarget "TaskTimer" */ = {
			isa = XCConfigurationList;
			buildConfigurations = (
				A1000031 /* Debug */,
				A1000032 /* Release */,
			);
			defaultConfigurationIsVisible = 0;
			defaultConfigurationName = Release;
		};
		A1000028 /* Build configuration list for PBXProject "TaskTimer" */ = {
			isa = XCConfigurationList;
			buildConfigurations = (
				A1000029 /* Debug */,
				A1000030 /* Release */,
			);
			defaultConfigurationIsVisible = 0;
			defaultConfigurationName = Release;
		};
/* End XCConfigurationList section */
	};
	rootObject = A1000027 /* Project object */;
}
